
Microsoft Visual Studio Solution File, Format Version 12.00
# Visual Studio Version 17
VisualStudioVersion = 17.8.34408.163
MinimumVisualStudioVersion = 10.0.40219.1
Project("{2150E333-8FDC-42A3-9474-1A3956D46DE8}") = "src", "src", "{A4BAB5B5-1833-403C-BF66-54D76B6D6426}"
EndProject
Project("{2150E333-8FDC-42A3-9474-1A3956D46DE8}") = "tests", "tests", "{0DBDF260-C86D-4E86-8F5B-199AFA0520F3}"
EndProject
Project("{2150E333-8FDC-42A3-9474-1A3956D46DE8}") = "tools", "tools", "{F3AE0A22-F62C-4811-8511-825D20D46D5F}"
EndProject
Project("{2150E333-8FDC-42A3-9474-1A3956D46DE8}") = "Core", "Core", "{60D192F7-AC93-4F14-A1E0-88CA8E1E06E1}"
EndProject
Project("{2150E333-8FDC-42A3-9474-1A3956D46DE8}") = "Infrastructure", "Infrastructure", "{BCE3CDE8-A176-4745-900B-94AB911B2D9A}"
EndProject
Project("{2150E333-8FDC-42A3-9474-1A3956D46DE8}") = "Presentation", "Presentation", "{F98AE621-819B-44D8-B017-FA5085560974}"
EndProject
Project("{2150E333-8FDC-42A3-9474-1A3956D46DE8}") = "Shared", "Shared", "{4D487190-0701-4C94-8EE4-5C9F56BC10D7}"
EndProject
Project("{FAE04EC0-301F-11D3-BF4B-00C04F79EFBC}") = "Dima.Finance.Domain", "src\Core\Dima.Finance.Domain\Dima.Finance.Domain.csproj", "{A0A4299E-1688-46CF-AA75-F531039DEF8B}"
EndProject
Project("{FAE04EC0-301F-11D3-BF4B-00C04F79EFBC}") = "Dima.Finance.Application", "src\Core\Dima.Finance.Application\Dima.Finance.Application.csproj", "{07661A16-EC69-46E6-9A28-D6C8AB1E155A}"
EndProject
Project("{FAE04EC0-301F-11D3-BF4B-00C04F79EFBC}") = "Dima.Finance.Infrastructure", "src\Infrastructure\Dima.Finance.Infrastructure\Dima.Finance.Infrastructure.csproj", "{7D25A8B2-58DC-4097-B281-FD165E6122B8}"
EndProject
Project("{FAE04EC0-301F-11D3-BF4B-00C04F79EFBC}") = "Dima.Finance.Persistence", "src\Infrastructure\Dima.Finance.Persistence\Dima.Finance.Persistence.csproj", "{AE1310FD-19E5-4A92-BF96-1B8C4A5F8DC3}"
EndProject
Project("{FAE04EC0-301F-11D3-BF4B-00C04F79EFBC}") = "Dima.Finance.Identity", "src\Infrastructure\Dima.Finance.Identity\Dima.Finance.Identity.csproj", "{4E2396CD-F7F5-4F6B-9710-4F92D58C353E}"
EndProject
Project("{FAE04EC0-301F-11D3-BF4B-00C04F79EFBC}") = "Dima.Finance.Api", "src\Presentation\Dima.Finance.Api\Dima.Finance.Api.csproj", "{C1289EAC-40D6-445D-9F9D-C1681A09F2CA}"
EndProject
Project("{FAE04EC0-301F-11D3-BF4B-00C04F79EFBC}") = "Dima.Finance.Admin", "src\Presentation\Dima.Finance.Admin\Dima.Finance.Admin.csproj", "{AC6D9187-BA63-4281-A1AA-E38516BD9EAD}"
EndProject
Project("{FAE04EC0-301F-11D3-BF4B-00C04F79EFBC}") = "Dima.Finance.Shared", "src\Shared\Dima.Finance.Shared\Dima.Finance.Shared.csproj", "{A72F40AD-F2A8-4882-BC4B-ECB7BEDFA665}"
EndProject
Project("{FAE04EC0-301F-11D3-BF4B-00C04F79EFBC}") = "Dima.Finance.UnitTests", "tests\Dima.Finance.UnitTests\Dima.Finance.UnitTests.csproj", "{1778CFFE-BCFA-40B6-936C-C093981BCEE6}"
EndProject
Project("{FAE04EC0-301F-11D3-BF4B-00C04F79EFBC}") = "Dima.Finance.IntegrationTests", "tests\Dima.Finance.IntegrationTests\Dima.Finance.IntegrationTests.csproj", "{B2AF51B8-4EA6-4C16-84B3-8E1E856202F5}"
EndProject
Project("{FAE04EC0-301F-11D3-BF4B-00C04F79EFBC}") = "Dima.Finance.FunctionalTests", "tests\Dima.Finance.FunctionalTests\Dima.Finance.FunctionalTests.csproj", "{67534BA7-0A0F-4A77-BF2C-A204FC10ED51}"
EndProject
Project("{FAE04EC0-301F-11D3-BF4B-00C04F79EFBC}") = "Dima.Finance.DbMigrator", "tools\Dima.Finance.DbMigrator\Dima.Finance.DbMigrator.csproj", "{6167DEF6-8CE0-484D-B524-54327D3E560D}"
EndProject
Global
	GlobalSection(SolutionConfigurationPlatforms) = preSolution
		Debug|Any CPU = Debug|Any CPU
		Release|Any CPU = Release|Any CPU
	EndGlobalSection
	GlobalSection(ProjectConfigurationPlatforms) = postSolution
		{A0A4299E-1688-46CF-AA75-F531039DEF8B}.Debug|Any CPU.ActiveCfg = Debug|Any CPU
		{A0A4299E-1688-46CF-AA75-F531039DEF8B}.Debug|Any CPU.Build.0 = Debug|Any CPU
		{A0A4299E-1688-46CF-AA75-F531039DEF8B}.Release|Any CPU.ActiveCfg = Release|Any CPU
		{A0A4299E-1688-46CF-AA75-F531039DEF8B}.Release|Any CPU.Build.0 = Release|Any CPU
		{07661A16-EC69-46E6-9A28-D6C8AB1E155A}.Debug|Any CPU.ActiveCfg = Debug|Any CPU
		{07661A16-EC69-46E6-9A28-D6C8AB1E155A}.Debug|Any CPU.Build.0 = Debug|Any CPU
		{07661A16-EC69-46E6-9A28-D6C8AB1E155A}.Release|Any CPU.ActiveCfg = Release|Any CPU
		{07661A16-EC69-46E6-9A28-D6C8AB1E155A}.Release|Any CPU.Build.0 = Release|Any CPU
		{7D25A8B2-58DC-4097-B281-FD165E6122B8}.Debug|Any CPU.ActiveCfg = Debug|Any CPU
		{7D25A8B2-58DC-4097-B281-FD165E6122B8}.Debug|Any CPU.Build.0 = Debug|Any CPU
		{7D25A8B2-58DC-4097-B281-FD165E6122B8}.Release|Any CPU.ActiveCfg = Release|Any CPU
		{7D25A8B2-58DC-4097-B281-FD165E6122B8}.Release|Any CPU.Build.0 = Release|Any CPU
		{AE1310FD-19E5-4A92-BF96-1B8C4A5F8DC3}.Debug|Any CPU.ActiveCfg = Debug|Any CPU
		{AE1310FD-19E5-4A92-BF96-1B8C4A5F8DC3}.Debug|Any CPU.Build.0 = Debug|Any CPU
		{AE1310FD-19E5-4A92-BF96-1B8C4A5F8DC3}.Release|Any CPU.ActiveCfg = Release|Any CPU
		{AE1310FD-19E5-4A92-BF96-1B8C4A5F8DC3}.Release|Any CPU.Build.0 = Release|Any CPU
		{4E2396CD-F7F5-4F6B-9710-4F92D58C353E}.Debug|Any CPU.ActiveCfg = Debug|Any CPU
		{4E2396CD-F7F5-4F6B-9710-4F92D58C353E}.Debug|Any CPU.Build.0 = Debug|Any CPU
		{4E2396CD-F7F5-4F6B-9710-4F92D58C353E}.Release|Any CPU.ActiveCfg = Release|Any CPU
		{4E2396CD-F7F5-4F6B-9710-4F92D58C353E}.Release|Any CPU.Build.0 = Release|Any CPU
		{C1289EAC-40D6-445D-9F9D-C1681A09F2CA}.Debug|Any CPU.ActiveCfg = Debug|Any CPU
		{C1289EAC-40D6-445D-9F9D-C1681A09F2CA}.Debug|Any CPU.Build.0 = Debug|Any CPU
		{C1289EAC-40D6-445D-9F9D-C1681A09F2CA}.Release|Any CPU.ActiveCfg = Release|Any CPU
		{C1289EAC-40D6-445D-9F9D-C1681A09F2CA}.Release|Any CPU.Build.0 = Release|Any CPU
		{AC6D9187-BA63-4281-A1AA-E38516BD9EAD}.Debug|Any CPU.ActiveCfg = Debug|Any CPU
		{AC6D9187-BA63-4281-A1AA-E38516BD9EAD}.Debug|Any CPU.Build.0 = Debug|Any CPU
		{AC6D9187-BA63-4281-A1AA-E38516BD9EAD}.Release|Any CPU.ActiveCfg = Release|Any CPU
		{AC6D9187-BA63-4281-A1AA-E38516BD9EAD}.Release|Any CPU.Build.0 = Release|Any CPU
		{A72F40AD-F2A8-4882-BC4B-ECB7BEDFA665}.Debug|Any CPU.ActiveCfg = Debug|Any CPU
		{A72F40AD-F2A8-4882-BC4B-ECB7BEDFA665}.Debug|Any CPU.Build.0 = Debug|Any CPU
		{A72F40AD-F2A8-4882-BC4B-ECB7BEDFA665}.Release|Any CPU.ActiveCfg = Release|Any CPU
		{A72F40AD-F2A8-4882-BC4B-ECB7BEDFA665}.Release|Any CPU.Build.0 = Release|Any CPU
		{1778CFFE-BCFA-40B6-936C-C093981BCEE6}.Debug|Any CPU.ActiveCfg = Debug|Any CPU
		{1778CFFE-BCFA-40B6-936C-C093981BCEE6}.Debug|Any CPU.Build.0 = Debug|Any CPU
		{1778CFFE-BCFA-40B6-936C-C093981BCEE6}.Release|Any CPU.ActiveCfg = Release|Any CPU
		{1778CFFE-BCFA-40B6-936C-C093981BCEE6}.Release|Any CPU.Build.0 = Release|Any CPU
		{B2AF51B8-4EA6-4C16-84B3-8E1E856202F5}.Debug|Any CPU.ActiveCfg = Debug|Any CPU
		{B2AF51B8-4EA6-4C16-84B3-8E1E856202F5}.Debug|Any CPU.Build.0 = Debug|Any CPU
		{B2AF51B8-4EA6-4C16-84B3-8E1E856202F5}.Release|Any CPU.ActiveCfg = Release|Any CPU
		{B2AF51B8-4EA6-4C16-84B3-8E1E856202F5}.Release|Any CPU.Build.0 = Release|Any CPU
		{67534BA7-0A0F-4A77-BF2C-A204FC10ED51}.Debug|Any CPU.ActiveCfg = Debug|Any CPU
		{67534BA7-0A0F-4A77-BF2C-A204FC10ED51}.Debug|Any CPU.Build.0 = Debug|Any CPU
		{67534BA7-0A0F-4A77-BF2C-A204FC10ED51}.Release|Any CPU.ActiveCfg = Release|Any CPU
		{67534BA7-0A0F-4A77-BF2C-A204FC10ED51}.Release|Any CPU.Build.0 = Release|Any CPU
		{6167DEF6-8CE0-484D-B524-54327D3E560D}.Debug|Any CPU.ActiveCfg = Debug|Any CPU
		{6167DEF6-8CE0-484D-B524-54327D3E560D}.Debug|Any CPU.Build.0 = Debug|Any CPU
		{6167DEF6-8CE0-484D-B524-54327D3E560D}.Release|Any CPU.ActiveCfg = Release|Any CPU
		{6167DEF6-8CE0-484D-B524-54327D3E560D}.Release|Any CPU.Build.0 = Release|Any CPU
	EndGlobalSection
	GlobalSection(SolutionProperties) = preSolution
		HideSolutionNode = FALSE
	EndGlobalSection
	GlobalSection(NestedProjects) = preSolution
		{60D192F7-AC93-4F14-A1E0-88CA8E1E06E1} = {A4BAB5B5-1833-403C-BF66-54D76B6D6426}
		{BCE3CDE8-A176-4745-900B-94AB911B2D9A} = {A4BAB5B5-1833-403C-BF66-54D76B6D6426}
		{F98AE621-819B-44D8-B017-FA5085560974} = {A4BAB5B5-1833-403C-BF66-54D76B6D6426}
		{4D487190-0701-4C94-8EE4-5C9F56BC10D7} = {A4BAB5B5-1833-403C-BF66-54D76B6D6426}
		{A0A4299E-1688-46CF-AA75-F531039DEF8B} = {60D192F7-AC93-4F14-A1E0-88CA8E1E06E1}
		{07661A16-EC69-46E6-9A28-D6C8AB1E155A} = {60D192F7-AC93-4F14-A1E0-88CA8E1E06E1}
		{7D25A8B2-58DC-4097-B281-FD165E6122B8} = {BCE3CDE8-A176-4745-900B-94AB911B2D9A}
		{AE1310FD-19E5-4A92-BF96-1B8C4A5F8DC3} = {BCE3CDE8-A176-4745-900B-94AB911B2D9A}
		{4E2396CD-F7F5-4F6B-9710-4F92D58C353E} = {BCE3CDE8-A176-4745-900B-94AB911B2D9A}
		{C1289EAC-40D6-445D-9F9D-C1681A09F2CA} = {F98AE621-819B-44D8-B017-FA5085560974}
		{AC6D9187-BA63-4281-A1AA-E38516BD9EAD} = {F98AE621-819B-44D8-B017-FA5085560974}
		{A72F40AD-F2A8-4882-BC4B-ECB7BEDFA665} = {4D487190-0701-4C94-8EE4-5C9F56BC10D7}
		{1778CFFE-BCFA-40B6-936C-C093981BCEE6} = {0DBDF260-C86D-4E86-8F5B-199AFA0520F3}
		{B2AF51B8-4EA6-4C16-84B3-8E1E856202F5} = {0DBDF260-C86D-4E86-8F5B-199AFA0520F3}
		{67534BA7-0A0F-4A77-BF2C-A204FC10ED51} = {0DBDF260-C86D-4E86-8F5B-199AFA0520F3}
		{6167DEF6-8CE0-484D-B524-54327D3E560D} = {F3AE0A22-F62C-4811-8511-825D20D46D5F}
	EndGlobalSection
	GlobalSection(ExtensibilityGlobals) = postSolution
		SolutionGuid = {962B7968-B38C-435F-8CD5-678A6FDE8023}
	EndGlobalSection
EndGlobal
